Microsoft Visual Studio Solution File, Format Version 12.00
# Visual Studio Version 17
VisualStudioVersion = 17.5.2.0
MinimumVisualStudioVersion = 10.0.40219.1
Project("{2150E333-8FDC-42A3-9474-1A3956D46DE8}") = "backend", "backend", "{1AE8ACA6-933B-BF2A-3671-3E2EAC007D16}"
EndProject
Project("{FAE04EC0-301F-11D3-BF4B-00C04F79EFBC}") = "MenuApp.Api", "backend\MenuApp.Api\MenuApp.Api.csproj", "{ABD5A317-E6B2-140E-3E9E-E0F896D7E91E}"
EndProject
Global
	GlobalSection(SolutionConfigurationPlatforms) = preSolution
		Debug|Any CPU = Debug|Any CPU
		Release|Any CPU = Release|Any CPU
	EndGlobalSection
	GlobalSection(ProjectConfigurationPlatforms) = postSolution
		{ABD5A317-E6B2-140E-3E9E-E0F896D7E91E}.Debug|Any CPU.ActiveCfg = Debug|Any CPU
		{ABD5A317-E6B2-140E-3E9E-E0F896D7E91E}.Debug|Any CPU.Build.0 = Debug|Any CPU
		{ABD5A317-E6B2-140E-3E9E-E0F896D7E91E}.Release|Any CPU.ActiveCfg = Release|Any CPU
		{ABD5A317-E6B2-140E-3E9E-E0F896D7E91E}.Release|Any CPU.Build.0 = Release|Any CPU
	EndGlobalSection
	GlobalSection(SolutionProperties) = preSolution
		HideSolutionNode = FALSE
	EndGlobalSection
	GlobalSection(NestedProjects) = preSolution
		{ABD5A317-E6B2-140E-3E9E-E0F896D7E91E} = {1AE8ACA6-933B-BF2A-3671-3E2EAC007D16}
	EndGlobalSection
	GlobalSection(ExtensibilityGlobals) = postSolution
		SolutionGuid = {86AE9FDC-6D66-4197-AD6C-95C7CA4AD9B7}
	EndGlobalSection
EndGlobal
